<?xml version="1.0" encoding="utf-8"?>
<Project ToolsVersion="4.0" xmlns="http://schemas.microsoft.com/developer/msbuild/2003">
  <ItemGroup>
    <Filter Include="Source Files">
      <UniqueIdentifier>{2a41754e-6e14-47f6-8588-0a38f80cfa30}</UniqueIdentifier>
      <Extensions>cpp</Extensions>
    </Filter>
    <Filter Include="Header Files">
      <UniqueIdentifier>{283233e2-14de-42cd-a1b5-c4411fea7433}</UniqueIdentifier>
      <Extensions>h</Extensions>
    </Filter>
    <Filter Include="Miscellaneous Files">
      <UniqueIdentifier>{f1837db3-60cf-4911-9754-be9f42c3d223}</UniqueIdentifier>
      <Extensions>txt</Extensions>
    </Filter>
    <Filter Include="Scripts">
      <UniqueIdentifier>{31808074-2739-4078-8d9c-ec967d7a7b0b}</UniqueIdentifier>
    </Filter>
    <Filter Include="SDFGen">
      <UniqueIdentifier>{8a4e8388-80b4-40b8-8fe6-87a52e66ef42}</UniqueIdentifier>
    </Filter>
  </ItemGroup>
  <ItemGroup>
    <None Include="ReadMe.txt">
      <Filter>Miscellaneous Files</Filter>
    </None>
    <None Include="Options.txt">
      <Filter>Miscellaneous Files</Filter>
    </None>
    <None Include="create3dContainer.mel">
      <Filter>Scripts</Filter>
    </None>
    <None Include="create3dContainerWithEmitter.mel">
      <Filter>Scripts</Filter>
    </None>
    <None Include="menu.mel">
      <Filter>Scripts</Filter>
    </None>
    <None Include="node.mel">
      <Filter>Scripts</Filter>
    </None>
    <None Include="constants.mel">
      <Filter>Scripts</Filter>
    </None>
    <None Include="SDFGen\CMakeLists.txt">
      <Filter>SDFGen</Filter>
    </None>
  </ItemGroup>
  <ItemGroup>
    <ClInclude Include="ManyTinyBubblesNode.h">
      <Filter>Header Files</Filter>
    </ClInclude>
    <ClInclude Include="Convenience.h">
      <Filter>Header Files</Filter>
    </ClInclude>
    <ClInclude Include="BubbleData.h">
      <Filter>Header Files</Filter>
    </ClInclude>
    <ClInclude Include="vec.h">
      <Filter>Header Files</Filter>
    </ClInclude>
    <ClInclude Include="FluidContainerData.h">
      <Filter>Header Files</Filter>
    </ClInclude>
    <ClInclude Include="EmitterData.h">
      <Filter>Header Files</Filter>
    </ClInclude>
    <ClInclude Include="SDFGen\array1.h">
      <Filter>SDFGen</Filter>
    </ClInclude>
    <ClInclude Include="SDFGen\array2.h">
      <Filter>SDFGen</Filter>
    </ClInclude>
    <ClInclude Include="SDFGen\array3.h">
      <Filter>SDFGen</Filter>
    </ClInclude>
    <ClInclude Include="SDFGen\hashgrid.h">
      <Filter>SDFGen</Filter>
    </ClInclude>
    <ClInclude Include="SDFGen\hashtable.h">
      <Filter>SDFGen</Filter>
    </ClInclude>
    <ClInclude Include="SDFGen\makelevelset3.h">
      <Filter>SDFGen</Filter>
    </ClInclude>
    <ClInclude Include="SDFGen\util.h">
      <Filter>SDFGen</Filter>
    </ClInclude>
    <ClInclude Include="SDFGen\vecL.h">
      <Filter>SDFGen</Filter>
    </ClInclude>
  </ItemGroup>
  <ItemGroup>
    <ClCompile Include="ManyTinyBubblesNode.cpp">
      <Filter>Source Files</Filter>
    </ClCompile>
    <ClCompile Include="pluginMain.cpp">
      <Filter>Source Files</Filter>
    </ClCompile>
    <ClCompile Include="Convenience.cpp">
      <Filter>Source Files</Filter>
    </ClCompile>
    <ClCompile Include="BubbleData.cpp">
      <Filter>Source Files</Filter>
    </ClCompile>
    <ClCompile Include="vec.cpp">
      <Filter>Source Files</Filter>
    </ClCompile>
    <ClCompile Include="FluidContainerData.cpp">
      <Filter>Source Files</Filter>
    </ClCompile>
    <ClCompile Include="EmitterData.cpp">
      <Filter>Source Files</Filter>
    </ClCompile>
    <ClCompile Include="SDFGen\mainL.cpp">
      <Filter>SDFGen</Filter>
    </ClCompile>
    <ClCompile Include="SDFGen\makelevelset3.cpp">
      <Filter>SDFGen</Filter>
    </ClCompile>
  </ItemGroup>
</Project>